<?xml version="1.0" encoding="utf-8"?>
<Project ToolsVersion="4.0" xmlns="http://schemas.microsoft.com/developer/msbuild/2003">
  <ItemGroup>
    <Filter Include="Source Files">
      <UniqueIdentifier>{44d90126-c14c-4d00-aef2-027e6971ecf8}</UniqueIdentifier>
      <Extensions>cpp;c;cxx;def;odl;idl;hpj;bat;asm</Extensions>
    </Filter>
    <Filter Include="Header Files">
      <UniqueIdentifier>{1c697b92-392b-4fd6-ae88-d9b6a6021352}</UniqueIdentifier>
      <Extensions>h;hpp;hxx;hm;inl;inc</Extensions>
    </Filter>
    <Filter Include="Resource Files">
      <UniqueIdentifier>{b299134f-e8e7-46ec-85dc-51d461542b4d}</UniqueIdentifier>
      <Extensions>rc;ico;cur;bmp;dlg;rc2;rct;bin;rgs;jpg;jpeg;jpe;manifest</Extensions>
    </Filter>
    <Filter Include="Resource Files\Icons">
      <UniqueIdentifier>{42bca288-0d9f-419b-8d07-5618da9d863a}</UniqueIdentifier>
    </Filter>
  </ItemGroup>
  <ItemGroup>
    <ClCompile Include="BitsMgr.cpp">
      <Filter>Source Files</Filter>
    </ClCompile>
    <ClCompile Include="MainFrm.cpp">
      <Filter>Source Files</Filter>
    </ClCompile>
    <ClCompile Include="View.cpp">
      <Filter>Source Files</Filter>
    </ClCompile>
    <ClCompile Include="AboutDlg.cpp">
      <Filter>Source Files</Filter>
    </ClCompile>
    <ClCompile Include="pch.cpp">
      <Filter>Source Files</Filter>
    </ClCompile>
    <ClCompile Include="SecurityHelper.cpp">
      <Filter>Source Files</Filter>
    </ClCompile>
    <ClCompile Include="ColumnManager.cpp">
      <Filter>Source Files</Filter>
    </ClCompile>
    <ClCompile Include="SortHelper.cpp">
      <Filter>Source Files</Filter>
    </ClCompile>
    <ClCompile Include="JobPropertiesDlg.cpp">
      <Filter>Source Files</Filter>
    </ClCompile>
    <ClCompile Include="DialogHelper.cpp">
      <Filter>Source Files</Filter>
    </ClCompile>
  </ItemGroup>
  <ItemGroup>
    <ClInclude Include="MainFrm.h">
      <Filter>Header Files</Filter>
    </ClInclude>
    <ClInclude Include="View.h">
      <Filter>Header Files</Filter>
    </ClInclude>
    <ClInclude Include="AboutDlg.h">
      <Filter>Header Files</Filter>
    </ClInclude>
    <ClInclude Include="resource.h">
      <Filter>Header Files</Filter>
    </ClInclude>
    <ClInclude Include="pch.h">
      <Filter>Header Files</Filter>
    </ClInclude>
    <ClInclude Include="SecurityHelper.h">
      <Filter>Header Files</Filter>
    </ClInclude>
    <ClInclude Include="ColumnManager.h">
      <Filter>Header Files</Filter>
    </ClInclude>
    <ClInclude Include="SortHelper.h">
      <Filter>Header Files</Filter>
    </ClInclude>
    <ClInclude Include="IMainFrame.h">
      <Filter>Header Files</Filter>
    </ClInclude>
    <ClInclude Include="JobPropertiesDlg.h">
      <Filter>Header Files</Filter>
    </ClInclude>
    <ClInclude Include="DialogHelper.h">
      <Filter>Header Files</Filter>
    </ClInclude>
  </ItemGroup>
  <ItemGroup>
    <ResourceCompile Include="BitsMgr.rc">
      <Filter>Resource Files</Filter>
    </ResourceCompile>
  </ItemGroup>
  <ItemGroup>
    <Image Include="res\about.ico">
      <Filter>Resource Files\Icons</Filter>
    </Image>
    <Image Include="res\action_pause.ico">
      <Filter>Resource Files\Icons</Filter>
    </Image>
    <Image Include="res\action_play.ico">
      <Filter>Resource Files\Icons</Filter>
    </Image>
    <Image Include="res\BitsMgr.ico">
      <Filter>Resource Files\Icons</Filter>
    </Image>
    <Image Include="res\delete.ico">
      <Filter>Resource Files\Icons</Filter>
    </Image>
    <Image Include="res\download.ico">
      <Filter>Resource Files\Icons</Filter>
    </Image>
    <Image Include="res\file.ico">
      <Filter>Resource Files\Icons</Filter>
    </Image>
    <Image Include="res\gear.ico">
      <Filter>Resource Files\Icons</Filter>
    </Image>
    <Image Include="res\gear_new.ico">
      <Filter>Resource Files\Icons</Filter>
    </Image>
    <Image Include="res\ok.ico">
      <Filter>Resource Files\Icons</Filter>
    </Image>
    <Image Include="res\ok_button.ico">
      <Filter>Resource Files\Icons</Filter>
    </Image>
    <Image Include="res\Refresh.ico">
      <Filter>Resource Files\Icons</Filter>
    </Image>
    <Image Include="res\save_as.ico">
      <Filter>Resource Files\Icons</Filter>
    </Image>
    <Image Include="res\stop.ico">
      <Filter>Resource Files\Icons</Filter>
    </Image>
    <Image Include="res\upload.ico">
      <Filter>Resource Files\Icons</Filter>
    </Image>
  </ItemGroup>
  <ItemGroup>
    <None Include="packages.config" />
  </ItemGroup>
</Project>